<?xml version="1.0" encoding="utf-8"?>
<Project ToolsVersion="4.0" xmlns="http://schemas.microsoft.com/developer/msbuild/2003">
  <ItemGroup>
    <Filter Include="Resource Files">
      <UniqueIdentifier>{67DA6AB6-F800-4c08-8B7A-83BB121AAD01}</UniqueIdentifier>
      <Extensions>rc;ico;cur;bmp;dlg;rc2;rct;bin;rgs;gif;jpg;jpeg;jpe;resx;tiff;tif;png;wav;mfcribbon-ms</Extensions>
    </Filter>
    <Filter Include="Resource Files\Source Files">
      <UniqueIdentifier>{4FC737F1-C7A5-4376-A066-2A32D752A2FF}</UniqueIdentifier>
      <Extensions>cpp;c;cc;cxx;c++;cppm;ixx;def;odl;idl;hpj;bat;asm;asmx</Extensions>
    </Filter>
    <Filter Include="Resource Files\Source Files\Main">
      <UniqueIdentifier>{7481ea5c-b913-4c6d-898b-f6a7670318e3}</UniqueIdentifier>
    </Filter>
    <Filter Include="Resource Files\Source Files\GPU">
      <UniqueIdentifier>{ec859f4b-0ccb-4b8a-ade1-9b9b7335130a}</UniqueIdentifier>
    </Filter>
    <Filter Include="Resource Files\Source Files\GPU\Tests">
      <UniqueIdentifier>{485f79ee-fe86-4f6a-befd-681fd007924d}</UniqueIdentifier>
    </Filter>
    <Filter Include="Resource Files\Source Files\GPU\Mocks">
      <UniqueIdentifier>{6897367d-77a4-4864-a6bc-4a1cb7686d61}</UniqueIdentifier>
    </Filter>
    <Filter Include="Resource Files\Source Files\TestUtilities">
      <UniqueIdentifier>{60ee0760-69bd-4e50-aa9d-4aff3ea47375}</UniqueIdentifier>
    </Filter>
  </ItemGroup>
  <ItemGroup>
    <ClInclude Include="Resource.h">
      <Filter>Resource Files\Source Files\Main</Filter>
    </ClInclude>
    <ClInclude Include="pch.h">
      <Filter>Resource Files\Source Files\Main</Filter>
    </ClInclude>
    <ClInclude Include="AcceleratedDeviceSelectionSystem.h">
      <Filter>Resource Files\Source Files\GPU</Filter>
    </ClInclude>
    <ClInclude Include="ArrayFireWrapper.h">
      <Filter>Resource Files\Source Files\GPU</Filter>
    </ClInclude>
    <ClInclude Include="TemplateMatcher.h">
      <Filter>Resource Files\Source Files\GPU</Filter>
    </ClInclude>
    <ClInclude Include="AcceleratedDeviceSelectionSystemMocks.h">
      <Filter>Resource Files\Source Files\GPU\Mocks</Filter>
    </ClInclude>
    <ClInclude Include="TemplateMatcherTests.h">
      <Filter>Resource Files\Source Files\GPU\Tests</Filter>
    </ClInclude>
    <ClInclude Include="Assertions.h">
      <Filter>Resource Files\Source Files\TestUtilities</Filter>
    </ClInclude>
  </ItemGroup>
  <ItemGroup>
    <ClCompile Include="pch.cpp">
      <Filter>Resource Files\Source Files\Main</Filter>
    </ClCompile>
    <ClCompile Include="AssemblyInfo.cpp">
      <Filter>Resource Files\Source Files\Main</Filter>
    </ClCompile>
    <ClCompile Include="AcceleratedDeviceSelectionSystem.cpp">
      <Filter>Resource Files\Source Files\GPU</Filter>
    </ClCompile>
    <ClCompile Include="ArrayFireWrapper.cpp">
      <Filter>Resource Files\Source Files\GPU</Filter>
    </ClCompile>
    <ClCompile Include="TemplateMatcher.cpp">
      <Filter>Resource Files\Source Files\GPU</Filter>
    </ClCompile>
    <ClCompile Include="AcceleratedDeviceSelectionSystemMocks.cpp">
      <Filter>Resource Files\Source Files\GPU\Mocks</Filter>
    </ClCompile>
    <ClCompile Include="TemplateMatcherTests.cpp">
      <Filter>Resource Files\Source Files\GPU\Tests</Filter>
    </ClCompile>
    <ClCompile Include="Assertions.cpp">
      <Filter>Resource Files\Source Files\TestUtilities</Filter>
    </ClCompile>
  </ItemGroup>
  <ItemGroup>
    <ResourceCompile Include="app.rc">
      <Filter>Resource Files</Filter>
    </ResourceCompile>
  </ItemGroup>
  <ItemGroup>
    <Image Include="app.ico">
      <Filter>Resource Files</Filter>
    </Image>
    <Image Include="TemplateMatcherTestImage.png">
      <Filter>Resource Files\Source Files\GPU\Tests</Filter>
    </Image>
    <Image Include="TemplateMatcherTestTemplate.png">
      <Filter>Resource Files\Source Files\GPU\Tests</Filter>
    </Image>
  </ItemGroup>
</Project>